// !$*UTF8*$!
{
	archiveVersion = 1;
	classes = {
	};
	objectVersion = 50;
	objects = {

/* Begin PBXBuildFile section */
		3086058927557E5C0050F703 /* AppDelegate.swift in Sources */ = {isa = PBXBuildFile; fileRef = 3086058827557E5C0050F703 /* AppDelegate.swift */; };
		3086058B27557E5C0050F703 /* SceneDelegate.swift in Sources */ = {isa = PBXBuildFile; fileRef = 3086058A27557E5C0050F703 /* SceneDelegate.swift */; };
		3086058D27557E5C0050F703 /* ConversationsViewController.swift in Sources */ = {isa = PBXBuildFile; fileRef = 3086058C27557E5C0050F703 /* ConversationsViewController.swift */; };
		3086059027557E5C0050F703 /* Main.storyboard in Resources */ = {isa = PBXBuildFile; fileRef = 3086058E27557E5C0050F703 /* Main.storyboard */; };
		3086059227557E680050F703 /* Assets.xcassets in Resources */ = {isa = PBXBuildFile; fileRef = 3086059127557E680050F703 /* Assets.xcassets */; };
		3086059527557E680050F703 /* LaunchScreen.storyboard in Resources */ = {isa = PBXBuildFile; fileRef = 3086059327557E680050F703 /* LaunchScreen.storyboard */; };
		308605A5275586710050F703 /* LoginViewController.swift in Sources */ = {isa = PBXBuildFile; fileRef = 308605A4275586700050F703 /* LoginViewController.swift */; };
		308605A8275586810050F703 /* RegisterViewController.swift in Sources */ = {isa = PBXBuildFile; fileRef = 308605A7275586810050F703 /* RegisterViewController.swift */; };
		308605AB2755869B0050F703 /* PhotoViewerViewController.swift in Sources */ = {isa = PBXBuildFile; fileRef = 308605AA2755869B0050F703 /* PhotoViewerViewController.swift */; };
		308605AE275586A60050F703 /* VideoPlayerViewController.swift in Sources */ = {isa = PBXBuildFile; fileRef = 308605AD275586A60050F703 /* VideoPlayerViewController.swift */; };
		308605B1275586C30050F703 /* NewConversationViewController.swift in Sources */ = {isa = PBXBuildFile; fileRef = 308605B0275586C30050F703 /* NewConversationViewController.swift */; };
		308605B4275586D00050F703 /* ProfileViewController.swift in Sources */ = {isa = PBXBuildFile; fileRef = 308605B3275586D00050F703 /* ProfileViewController.swift */; };
/* End PBXBuildFile section */

/* Begin PBXFileReference section */
		3086058527557E5C0050F703 /* ChatApp.app */ = {isa = PBXFileReference; explicitFileType = wrapper.application; includeInIndex = 0; path = ChatApp.app; sourceTree = BUILT_PRODUCTS_DIR; };
		3086058827557E5C0050F703 /* AppDelegate.swift */ = {isa = PBXFileReference; lastKnownFileType = sourcecode.swift; path = AppDelegate.swift; sourceTree = "<group>"; };
		3086058A27557E5C0050F703 /* SceneDelegate.swift */ = {isa = PBXFileReference; lastKnownFileType = sourcecode.swift; path = SceneDelegate.swift; sourceTree = "<group>"; };
		3086058C27557E5C0050F703 /* ConversationsViewController.swift */ = {isa = PBXFileReference; lastKnownFileType = sourcecode.swift; path = ConversationsViewController.swift; sourceTree = "<group>"; };
		3086058F27557E5C0050F703 /* Base */ = {isa = PBXFileReference; lastKnownFileType = file.storyboard; name = Base; path = Base.lproj/Main.storyboard; sourceTree = "<group>"; };
		3086059127557E680050F703 /* Assets.xcassets */ = {isa = PBXFileReference; lastKnownFileType = folder.assetcatalog; path = Assets.xcassets; sourceTree = "<group>"; };
		3086059427557E680050F703 /* Base */ = {isa = PBXFileReference; lastKnownFileType = file.storyboard; name = Base; path = Base.lproj/LaunchScreen.storyboard; sourceTree = "<group>"; };
		3086059627557E680050F703 /* Info.plist */ = {isa = PBXFileReference; lastKnownFileType = text.plist.xml; path = Info.plist; sourceTree = "<group>"; };
		308605A4275586700050F703 /* LoginViewController.swift */ = {isa = PBXFileReference; lastKnownFileType = sourcecode.swift; path = LoginViewController.swift; sourceTree = "<group>"; };
		308605A7275586810050F703 /* RegisterViewController.swift */ = {isa = PBXFileReference; lastKnownFileType = sourcecode.swift; path = RegisterViewController.swift; sourceTree = "<group>"; };
		308605AA2755869B0050F703 /* PhotoViewerViewController.swift */ = {isa = PBXFileReference; lastKnownFileType = sourcecode.swift; path = PhotoViewerViewController.swift; sourceTree = "<group>"; };
		308605AD275586A60050F703 /* VideoPlayerViewController.swift */ = {isa = PBXFileReference; lastKnownFileType = sourcecode.swift; path = VideoPlayerViewController.swift; sourceTree = "<group>"; };
		308605B0275586C30050F703 /* NewConversationViewController.swift */ = {isa = PBXFileReference; lastKnownFileType = sourcecode.swift; path = NewConversationViewController.swift; sourceTree = "<group>"; };
		308605B3275586D00050F703 /* ProfileViewController.swift */ = {isa = PBXFileReference; lastKnownFileType = sourcecode.swift; path = ProfileViewController.swift; sourceTree = "<group>"; };
/* End PBXFileReference section */

/* Begin PBXFrameworksBuildPhase section */
		3086058227557E5C0050F703 /* Frameworks */ = {
			isa = PBXFrameworksBuildPhase;
			buildActionMask = 2147483647;
			files = (
			);
			runOnlyForDeploymentPostprocessing = 0;
		};
/* End PBXFrameworksBuildPhase section */

/* Begin PBXGroup section */
		3086057C27557E5C0050F703 = {
			isa = PBXGroup;
			children = (
				3086058727557E5C0050F703 /* ChatApp */,
				3086058627557E5C0050F703 /* Products */,
			);
			sourceTree = "<group>";
		};
		3086058627557E5C0050F703 /* Products */ = {
			isa = PBXGroup;
			children = (
				3086058527557E5C0050F703 /* ChatApp.app */,
			);
			name = Products;
			sourceTree = "<group>";
		};
		3086058727557E5C0050F703 /* ChatApp */ = {
			isa = PBXGroup;
			children = (
				308605A02755852A0050F703 /* Resources */,
				3086059F275585250050F703 /* ViewModels */,
				3086059E2755851F0050F703 /* Views */,
				3086059D275585170050F703 /* Controllers */,
				3086059627557E680050F703 /* Info.plist */,
			);
			path = ChatApp;
			sourceTree = "<group>";
		};
		3086059D275585170050F703 /* Controllers */ = {
			isa = PBXGroup;
			children = (
				308605B62755895B0050F703 /* Login */,
				3086058C27557E5C0050F703 /* ConversationsViewController.swift */,
				308605AA2755869B0050F703 /* PhotoViewerViewController.swift */,
				308605AD275586A60050F703 /* VideoPlayerViewController.swift */,
				308605B0275586C30050F703 /* NewConversationViewController.swift */,
				308605B3275586D00050F703 /* ProfileViewController.swift */,
			);
			path = Controllers;
			sourceTree = "<group>";
		};
		3086059E2755851F0050F703 /* Views */ = {
			isa = PBXGroup;
			children = (
				308605A1275585810050F703 /* Storyboards */,
				3086059127557E680050F703 /* Assets.xcassets */,
			);
			path = Views;
			sourceTree = "<group>";
		};
		3086059F275585250050F703 /* ViewModels */ = {
			isa = PBXGroup;
			children = (
			);
			path = ViewModels;
			sourceTree = "<group>";
		};
		308605A02755852A0050F703 /* Resources */ = {
			isa = PBXGroup;
			children = (
				3086058827557E5C0050F703 /* AppDelegate.swift */,
				3086058A27557E5C0050F703 /* SceneDelegate.swift */,
			);
			path = Resources;
			sourceTree = "<group>";
		};
		308605A1275585810050F703 /* Storyboards */ = {
			isa = PBXGroup;
			children = (
				3086058E27557E5C0050F703 /* Main.storyboard */,
				3086059327557E680050F703 /* LaunchScreen.storyboard */,
			);
			path = Storyboards;
			sourceTree = "<group>";
		};
		308605B62755895B0050F703 /* Login */ = {
			isa = PBXGroup;
			children = (
				308605A4275586700050F703 /* LoginViewController.swift */,
				308605A7275586810050F703 /* RegisterViewController.swift */,
			);
			path = Login;
			sourceTree = "<group>";
		};
/* End PBXGroup section */

/* Begin PBXNativeTarget section */
		3086058427557E5C0050F703 /* ChatApp */ = {
			isa = PBXNativeTarget;
			buildConfigurationList = 3086059927557E680050F703 /* Build configuration list for PBXNativeTarget "ChatApp" */;
			buildPhases = (
				3086058127557E5C0050F703 /* Sources */,
				3086058227557E5C0050F703 /* Frameworks */,
				3086058327557E5C0050F703 /* Resources */,
			);
			buildRules = (
			);
			dependencies = (
			);
			name = ChatApp;
			productName = ChatApp;
			productReference = 3086058527557E5C0050F703 /* ChatApp.app */;
			productType = "com.apple.product-type.application";
		};
/* End PBXNativeTarget section */

/* Begin PBXProject section */
		3086057D27557E5C0050F703 /* Project object */ = {
			isa = PBXProject;
			attributes = {
				LastSwiftUpdateCheck = 1240;
				LastUpgradeCheck = 1240;
				TargetAttributes = {
					3086058427557E5C0050F703 = {
						CreatedOnToolsVersion = 12.4;
					};
				};
			};
			buildConfigurationList = 3086058027557E5C0050F703 /* Build configuration list for PBXProject "ChatApp" */;
			compatibilityVersion = "Xcode 9.3";
			developmentRegion = en;
			hasScannedForEncodings = 0;
			knownRegions = (
				en,
				Base,
			);
			mainGroup = 3086057C27557E5C0050F703;
			productRefGroup = 3086058627557E5C0050F703 /* Products */;
			projectDirPath = "";
			projectRoot = "";
			targets = (
				3086058427557E5C0050F703 /* ChatApp */,
			);
		};
/* End PBXProject section */

/* Begin PBXResourcesBuildPhase section */
		3086058327557E5C0050F703 /* Resources */ = {
			isa = PBXResourcesBuildPhase;
			buildActionMask = 2147483647;
			files = (
				3086059527557E680050F703 /* LaunchScreen.storyboard in Resources */,
				3086059227557E680050F703 /* Assets.xcassets in Resources */,
				3086059027557E5C0050F703 /* Main.storyboard in Resources */,
			);
			runOnlyForDeploymentPostprocessing = 0;
		};
/* End PBXResourcesBuildPhase section */

/* Begin PBXSourcesBuildPhase section */
		3086058127557E5C0050F703 /* Sources */ = {
			isa = PBXSourcesBuildPhase;
			buildActionMask = 2147483647;
			files = (
				308605A5275586710050F703 /* LoginViewController.swift in Sources */,
				308605A8275586810050F703 /* RegisterViewController.swift in Sources */,
				308605B1275586C30050F703 /* NewConversationViewController.swift in Sources */,
				3086058D27557E5C0050F703 /* ConversationsViewController.swift in Sources */,
				308605AE275586A60050F703 /* VideoPlayerViewController.swift in Sources */,
				3086058927557E5C0050F703 /* AppDelegate.swift in Sources */,
				308605B4275586D00050F703 /* ProfileViewController.swift in Sources */,
				3086058B27557E5C0050F703 /* SceneDelegate.swift in Sources */,
				308605AB2755869B0050F703 /* PhotoViewerViewController.swift in Sources */,
			);
			runOnlyForDeploymentPostprocessing = 0;
		};
/* End PBXSourcesBuildPhase section */

/* Begin PBXVariantGroup section */
		3086058E27557E5C0050F703 /* Main.storyboard */ = {
			isa = PBXVariantGroup;
			children = (
				3086058F27557E5C0050F703 /* Base */,
			);
			name = Main.storyboard;
			sourceTree = "<group>";
		};
		3086059327557E680050F703 /* LaunchScreen.storyboard */ = {
			isa = PBXVariantGroup;
			children = (
				3086059427557E680050F703 /* Base */,
			);
			name = LaunchScreen.storyboard;
			sourceTree = "<group>";
		};
/* End PBXVariantGroup section */

/* Begin XCBuildConfiguration section */
		3086059727557E680050F703 /* Debug */ = {
			isa = XCBuildConfiguration;
			buildSettings = {
				ALWAYS_SEARCH_USER_PATHS = NO;
				CLANG_ANALYZER_NONNULL = YES;
				CLANG_ANALYZER_NUMBER_OBJECT_CONVERSION = YES_AGGRESSIVE;
				CLANG_CXX_LANGUAGE_STANDARD = "gnu++14";
				CLANG_CXX_LIBRARY = "libc++";
				CLANG_ENABLE_MODULES = YES;
				CLANG_ENABLE_OBJC_ARC = YES;
				CLANG_ENABLE_OBJC_WEAK = YES;
				CLANG_WARN_BLOCK_CAPTURE_AUTORELEASING = YES;
				CLANG_WARN_BOOL_CONVERSION = YES;
				CLANG_WARN_COMMA = YES;
				CLANG_WARN_CONSTANT_CONVERSION = YES;
				CLANG_WARN_DEPRECATED_OBJC_IMPLEMENTATIONS = YES;
				CLANG_WARN_DIRECT_OBJC_ISA_USAGE = YES_ERROR;
				CLANG_WARN_DOCUMENTATION_COMMENTS = YES;
				CLANG_WARN_EMPTY_BODY = YES;
				CLANG_WARN_ENUM_CONVERSION = YES;
				CLANG_WARN_INFINITE_RECURSION = YES;
				CLANG_WARN_INT_CONVERSION = YES;
				CLANG_WARN_NON_LITERAL_NULL_CONVERSION = YES;
				CLANG_WARN_OBJC_IMPLICIT_RETAIN_SELF = YES;
				CLANG_WARN_OBJC_LITERAL_CONVERSION = YES;
				CLANG_WARN_OBJC_ROOT_CLASS = YES_ERROR;
				CLANG_WARN_QUOTED_INCLUDE_IN_FRAMEWORK_HEADER = YES;
				CLANG_WARN_RANGE_LOOP_ANALYSIS = YES;
				CLANG_WARN_STRICT_PROTOTYPES = YES;
				CLANG_WARN_SUSPICIOUS_MOVE = YES;
				CLANG_WARN_UNGUARDED_AVAILABILITY = YES_AGGRESSIVE;
				CLANG_WARN_UNREACHABLE_CODE = YES;
				CLANG_WARN__DUPLICATE_METHOD_MATCH = YES;
				COPY_PHASE_STRIP = NO;
				DEBUG_INFORMATION_FORMAT = dwarf;
				ENABLE_STRICT_OBJC_MSGSEND = YES;
				ENABLE_TESTABILITY = YES;
				GCC_C_LANGUAGE_STANDARD = gnu11;
				GCC_DYNAMIC_NO_PIC = NO;
				GCC_NO_COMMON_BLOCKS = YES;
				GCC_OPTIMIZATION_LEVEL = 0;
				GCC_PREPROCESSOR_DEFINITIONS = (
					"DEBUG=1",
					"$(inherited)",
				);
				GCC_WARN_64_TO_32_BIT_CONVERSION = YES;
				GCC_WARN_ABOUT_RETURN_TYPE = YES_ERROR;
				GCC_WARN_UNDECLARED_SELECTOR = YES;
				GCC_WARN_UNINITIALIZED_AUTOS = YES_AGGRESSIVE;
				GCC_WARN_UNUSED_FUNCTION = YES;
				GCC_WARN_UNUSED_VARIABLE = YES;
				IPHONEOS_DEPLOYMENT_TARGET = 14.4;
				MTL_ENABLE_DEBUG_INFO = INCLUDE_SOURCE;
				MTL_FAST_MATH = YES;
				ONLY_ACTIVE_ARCH = YES;
				SDKROOT = iphoneos;
				SWIFT_ACTIVE_COMPILATION_CONDITIONS = DEBUG;
				SWIFT_OPTIMIZATION_LEVEL = "-Onone";
			};
			name = Debug;
		};
		3086059827557E680050F703 /* Release */ = {
			isa = XCBuildConfiguration;
			buildSettings = {
				ALWAYS_SEARCH_USER_PATHS = NO;
				CLANG_ANALYZER_NONNULL = YES;
				CLANG_ANALYZER_NUMBER_OBJECT_CONVERSION = YES_AGGRESSIVE;
				CLANG_CXX_LANGUAGE_STANDARD = "gnu++14";
				CLANG_CXX_LIBRARY = "libc++";
				CLANG_ENABLE_MODULES = YES;
				CLANG_ENABLE_OBJC_ARC = YES;
				CLANG_ENABLE_OBJC_WEAK = YES;
				CLANG_WARN_BLOCK_CAPTURE_AUTORELEASING = YES;
				CLANG_WARN_BOOL_CONVERSION = YES;
				CLANG_WARN_COMMA = YES;
				CLANG_WARN_CONSTANT_CONVERSION = YES;
				CLANG_WARN_DEPRECATED_OBJC_IMPLEMENTATIONS = YES;
				CLANG_WARN_DIRECT_OBJC_ISA_USAGE = YES_ERROR;
				CLANG_WARN_DOCUMENTATION_COMMENTS = YES;
				CLANG_WARN_EMPTY_BODY = YES;
				CLANG_WARN_ENUM_CONVERSION = YES;
				CLANG_WARN_INFINITE_RECURSION = YES;
				CLANG_WARN_INT_CONVERSION = YES;
				CLANG_WARN_NON_LITERAL_NULL_CONVERSION = YES;
				CLANG_WARN_OBJC_IMPLICIT_RETAIN_SELF = YES;
				CLANG_WARN_OBJC_LITERAL_CONVERSION = YES;
				CLANG_WARN_OBJC_ROOT_CLASS = YES_ERROR;
				CLANG_WARN_QUOTED_INCLUDE_IN_FRAMEWORK_HEADER = YES;
				CLANG_WARN_RANGE_LOOP_ANALYSIS = YES;
				CLANG_WARN_STRICT_PROTOTYPES = YES;
				CLANG_WARN_SUSPICIOUS_MOVE = YES;
				CLANG_WARN_UNGUARDED_AVAILABILITY = YES_AGGRESSIVE;
				CLANG_WARN_UNREACHABLE_CODE = YES;
				CLANG_WARN__DUPLICATE_METHOD_MATCH = YES;
				COPY_PHASE_STRIP = NO;
				DEBUG_INFORMATION_FORMAT = "dwarf-with-dsym";
				ENABLE_NS_ASSERTIONS = NO;
				ENABLE_STRICT_OBJC_MSGSEND = YES;
				GCC_C_LANGUAGE_STANDARD = gnu11;
				GCC_NO_COMMON_BLOCKS = YES;
				GCC_WARN_64_TO_32_BIT_CONVERSION = YES;
				GCC_WARN_ABOUT_RETURN_TYPE = YES_ERROR;
				GCC_WARN_UNDECLARED_SELECTOR = YES;
				GCC_WARN_UNINITIALIZED_AUTOS = YES_AGGRESSIVE;
				GCC_WARN_UNUSED_FUNCTION = YES;
				GCC_WARN_UNUSED_VARIABLE = YES;
				IPHONEOS_DEPLOYMENT_TARGET = 14.4;
				MTL_ENABLE_DEBUG_INFO = NO;
				MTL_FAST_MATH = YES;
				SDKROOT = iphoneos;
				SWIFT_COMPILATION_MODE = wholemodule;
				SWIFT_OPTIMIZATION_LEVEL = "-O";
				VALIDATE_PRODUCT = YES;
			};
			name = Release;
		};
		3086059A27557E680050F703 /* Debug */ = {
			isa = XCBuildConfiguration;
			buildSettings = {
				ASSETCATALOG_COMPILER_APPICON_NAME = AppIcon;
				ASSETCATALOG_COMPILER_GLOBAL_ACCENT_COLOR_NAME = AccentColor;
				CODE_SIGN_STYLE = Automatic;
				INFOPLIST_FILE = ChatApp/Info.plist;
				IPHONEOS_DEPLOYMENT_TARGET = 14.4;
				LD_RUNPATH_SEARCH_PATHS = (
					"$(inherited)",
					"@executable_path/Frameworks",
				);
				PRODUCT_BUNDLE_IDENTIFIER = edu.iu.jarrwhit.ChatApp;
				PRODUCT_NAME = "$(TARGET_NAME)";
				SWIFT_VERSION = 5.0;
				TARGETED_DEVICE_FAMILY = "1,2";
			};
			name = Debug;
		};
		3086059B27557E680050F703 /* Release */ = {
			isa = XCBuildConfiguration;
			buildSettings = {
				ASSETCATALOG_COMPILER_APPICON_NAME = AppIcon;
				ASSETCATALOG_COMPILER_GLOBAL_ACCENT_COLOR_NAME = AccentColor;
				CODE_SIGN_STYLE = Automatic;
				INFOPLIST_FILE = ChatApp/Info.plist;
				IPHONEOS_DEPLOYMENT_TARGET = 14.4;
				LD_RUNPATH_SEARCH_PATHS = (
					"$(inherited)",
					"@executable_path/Frameworks",
				);
				PRODUCT_BUNDLE_IDENTIFIER = edu.iu.jarrwhit.ChatApp;
				PRODUCT_NAME = "$(TARGET_NAME)";
				SWIFT_VERSION = 5.0;
				TARGETED_DEVICE_FAMILY = "1,2";
			};
			name = Release;
		};
/* End XCBuildConfiguration section */

/* Begin XCConfigurationList section */
		3086058027557E5C0050F703 /* Build configuration list for PBXProject "ChatApp" */ = {
			isa = XCConfigurationList;
			buildConfigurations = (
				3086059727557E680050F703 /* Debug */,
				3086059827557E680050F703 /* Release */,
			);
			defaultConfigurationIsVisible = 0;
			defaultConfigurationName = Release;
		};
		3086059927557E680050F703 /* Build configuration list for PBXNativeTarget "ChatApp" */ = {
			isa = XCConfigurationList;
			buildConfigurations = (
				3086059A27557E680050F703 /* Debug */,
				3086059B27557E680050F703 /* Release */,
			);
			defaultConfigurationIsVisible = 0;
			defaultConfigurationName = Release;
		};
/* End XCConfigurationList section */
	};
	rootObject = 3086057D27557E5C0050F703 /* Project object */;
}
